// !$*UTF8*$!
{
	archiveVersion = 1;
	classes = {
	};
	objectVersion = 56;
	objects = {

/* Begin PBXBuildFile section */
		2D2D5948293A18C600C857E5 /* VenueLocation.swift in Sources */ = {isa = PBXBuildFile; fileRef = 2D2D5947293A18C600C857E5 /* VenueLocation.swift */; };
		2D2D594A293A1D6D00C857E5 /* VenueCategory.swift in Sources */ = {isa = PBXBuildFile; fileRef = 2D2D5949293A1D6D00C857E5 /* VenueCategory.swift */; };
		2D2D594C293A1E3E00C857E5 /* Venue.swift in Sources */ = {isa = PBXBuildFile; fileRef = 2D2D594B293A1E3E00C857E5 /* Venue.swift */; };
		2D2D594E293A1EB600C857E5 /* VenueChain.swift in Sources */ = {isa = PBXBuildFile; fileRef = 2D2D594D293A1EB600C857E5 /* VenueChain.swift */; };
		2D2D5950293A1F1A00C857E5 /* VenueGeocode.swift in Sources */ = {isa = PBXBuildFile; fileRef = 2D2D594F293A1F1A00C857E5 /* VenueGeocode.swift */; };
		2D2D5952293A1F2D00C857E5 /* VenueIcon.swift in Sources */ = {isa = PBXBuildFile; fileRef = 2D2D5951293A1F2D00C857E5 /* VenueIcon.swift */; };
		2D2D5954293A1F5C00C857E5 /* VenueCoordinate.swift in Sources */ = {isa = PBXBuildFile; fileRef = 2D2D5953293A1F5C00C857E5 /* VenueCoordinate.swift */; };
		2D2D595A293A22EC00C857E5 /* VenuesService.swift in Sources */ = {isa = PBXBuildFile; fileRef = 2D2D5959293A22EC00C857E5 /* VenuesService.swift */; };
		2D2D5960293A2A6400C857E5 /* Alamofire in Frameworks */ = {isa = PBXBuildFile; productRef = 2D2D595F293A2A6400C857E5 /* Alamofire */; };
		2D2D5963293A4F0700C857E5 /* VenuesServiceTests.swift in Sources */ = {isa = PBXBuildFile; fileRef = 2D2D5962293A4F0700C857E5 /* VenuesServiceTests.swift */; };
		2D2D5969293A9CF400C857E5 /* VenuesListView.swift in Sources */ = {isa = PBXBuildFile; fileRef = 2D2D5968293A9CF400C857E5 /* VenuesListView.swift */; };
		2D2D596C293A9D7C00C857E5 /* VenuesListViewModel.swift in Sources */ = {isa = PBXBuildFile; fileRef = 2D2D596B293A9D7C00C857E5 /* VenuesListViewModel.swift */; };
		2D2D596E293AA5CE00C857E5 /* VenueItemView.swift in Sources */ = {isa = PBXBuildFile; fileRef = 2D2D596D293AA5CE00C857E5 /* VenueItemView.swift */; };
		2D2D5970293CD33900C857E5 /* VenuePhoto.swift in Sources */ = {isa = PBXBuildFile; fileRef = 2D2D596F293CD33900C857E5 /* VenuePhoto.swift */; };
		2D2D5973293CEFAC00C857E5 /* DistanceFormatter.swift in Sources */ = {isa = PBXBuildFile; fileRef = 2D2D5972293CEFAC00C857E5 /* DistanceFormatter.swift */; };
		2D2D5975293CF91700C857E5 /* LocationManager.swift in Sources */ = {isa = PBXBuildFile; fileRef = 2D2D5974293CF91700C857E5 /* LocationManager.swift */; };
		2D2D5979293CFC1800C857E5 /* VenueCoordinate+CoreLocation.swift in Sources */ = {isa = PBXBuildFile; fileRef = 2D2D5978293CFC1800C857E5 /* VenueCoordinate+CoreLocation.swift */; };
		2D2D597B293CFDD900C857E5 /* CLLocationCoordinate2D+Utility.swift in Sources */ = {isa = PBXBuildFile; fileRef = 2D2D597A293CFDD900C857E5 /* CLLocationCoordinate2D+Utility.swift */; };
		2DECA0EE293D3ADE0043BA67 /* VenueDetailView.swift in Sources */ = {isa = PBXBuildFile; fileRef = 2DECA0ED293D3ADE0043BA67 /* VenueDetailView.swift */; };
		2DECA0F2293D46DB0043BA67 /* VenuePhotoView.swift in Sources */ = {isa = PBXBuildFile; fileRef = 2DECA0F1293D46DB0043BA67 /* VenuePhotoView.swift */; };
		2DF2C68029361049006D5C80 /* VenuesApp.swift in Sources */ = {isa = PBXBuildFile; fileRef = 2DF2C67F29361049006D5C80 /* VenuesApp.swift */; };
		2DF2C6842936104A006D5C80 /* Assets.xcassets in Resources */ = {isa = PBXBuildFile; fileRef = 2DF2C6832936104A006D5C80 /* Assets.xcassets */; };
		2DF2C6872936104A006D5C80 /* Preview Assets.xcassets in Resources */ = {isa = PBXBuildFile; fileRef = 2DF2C6862936104A006D5C80 /* Preview Assets.xcassets */; };
		2DF2C69B2936104A006D5C80 /* VenuesUITests.swift in Sources */ = {isa = PBXBuildFile; fileRef = 2DF2C69A2936104A006D5C80 /* VenuesUITests.swift */; };
		2DF2C69D2936104A006D5C80 /* VenuesUITestsLaunchTests.swift in Sources */ = {isa = PBXBuildFile; fileRef = 2DF2C69C2936104A006D5C80 /* VenuesUITestsLaunchTests.swift */; };
/* End PBXBuildFile section */

/* Begin PBXContainerItemProxy section */
		2DF2C68D2936104A006D5C80 /* PBXContainerItemProxy */ = {
			isa = PBXContainerItemProxy;
			containerPortal = 2DF2C67429361049006D5C80 /* Project object */;
			proxyType = 1;
			remoteGlobalIDString = 2DF2C67B29361049006D5C80;
			remoteInfo = Venues;
		};
		2DF2C6972936104A006D5C80 /* PBXContainerItemProxy */ = {
			isa = PBXContainerItemProxy;
			containerPortal = 2DF2C67429361049006D5C80 /* Project object */;
			proxyType = 1;
			remoteGlobalIDString = 2DF2C67B29361049006D5C80;
			remoteInfo = Venues;
		};
/* End PBXContainerItemProxy section */

/* Begin PBXFileReference section */
		2D2D5947293A18C600C857E5 /* VenueLocation.swift */ = {isa = PBXFileReference; lastKnownFileType = sourcecode.swift; path = VenueLocation.swift; sourceTree = "<group>"; };
		2D2D5949293A1D6D00C857E5 /* VenueCategory.swift */ = {isa = PBXFileReference; lastKnownFileType = sourcecode.swift; path = VenueCategory.swift; sourceTree = "<group>"; };
		2D2D594B293A1E3E00C857E5 /* Venue.swift */ = {isa = PBXFileReference; lastKnownFileType = sourcecode.swift; path = Venue.swift; sourceTree = "<group>"; };
		2D2D594D293A1EB600C857E5 /* VenueChain.swift */ = {isa = PBXFileReference; lastKnownFileType = sourcecode.swift; path = VenueChain.swift; sourceTree = "<group>"; };
		2D2D594F293A1F1A00C857E5 /* VenueGeocode.swift */ = {isa = PBXFileReference; lastKnownFileType = sourcecode.swift; path = VenueGeocode.swift; sourceTree = "<group>"; };
		2D2D5951293A1F2D00C857E5 /* VenueIcon.swift */ = {isa = PBXFileReference; lastKnownFileType = sourcecode.swift; path = VenueIcon.swift; sourceTree = "<group>"; };
		2D2D5953293A1F5C00C857E5 /* VenueCoordinate.swift */ = {isa = PBXFileReference; lastKnownFileType = sourcecode.swift; path = VenueCoordinate.swift; sourceTree = "<group>"; };
		2D2D5959293A22EC00C857E5 /* VenuesService.swift */ = {isa = PBXFileReference; lastKnownFileType = sourcecode.swift; path = VenuesService.swift; sourceTree = "<group>"; };
		2D2D5961293A4F0600C857E5 /* VenuesTests-Bridging-Header.h */ = {isa = PBXFileReference; lastKnownFileType = sourcecode.c.h; path = "VenuesTests-Bridging-Header.h"; sourceTree = "<group>"; };
		2D2D5962293A4F0700C857E5 /* VenuesServiceTests.swift */ = {isa = PBXFileReference; lastKnownFileType = sourcecode.swift; path = VenuesServiceTests.swift; sourceTree = "<group>"; };
		2D2D5968293A9CF400C857E5 /* VenuesListView.swift */ = {isa = PBXFileReference; lastKnownFileType = sourcecode.swift; path = VenuesListView.swift; sourceTree = "<group>"; };
		2D2D596B293A9D7C00C857E5 /* VenuesListViewModel.swift */ = {isa = PBXFileReference; lastKnownFileType = sourcecode.swift; path = VenuesListViewModel.swift; sourceTree = "<group>"; };
		2D2D596D293AA5CE00C857E5 /* VenueItemView.swift */ = {isa = PBXFileReference; lastKnownFileType = sourcecode.swift; path = VenueItemView.swift; sourceTree = "<group>"; };
		2D2D596F293CD33900C857E5 /* VenuePhoto.swift */ = {isa = PBXFileReference; lastKnownFileType = sourcecode.swift; path = VenuePhoto.swift; sourceTree = "<group>"; };
		2D2D5972293CEFAC00C857E5 /* DistanceFormatter.swift */ = {isa = PBXFileReference; lastKnownFileType = sourcecode.swift; path = DistanceFormatter.swift; sourceTree = "<group>"; };
		2D2D5974293CF91700C857E5 /* LocationManager.swift */ = {isa = PBXFileReference; lastKnownFileType = sourcecode.swift; path = LocationManager.swift; sourceTree = "<group>"; };
		2D2D5978293CFC1800C857E5 /* VenueCoordinate+CoreLocation.swift */ = {isa = PBXFileReference; lastKnownFileType = sourcecode.swift; path = "VenueCoordinate+CoreLocation.swift"; sourceTree = "<group>"; };
		2D2D597A293CFDD900C857E5 /* CLLocationCoordinate2D+Utility.swift */ = {isa = PBXFileReference; lastKnownFileType = sourcecode.swift; path = "CLLocationCoordinate2D+Utility.swift"; sourceTree = "<group>"; };
		2DECA0ED293D3ADE0043BA67 /* VenueDetailView.swift */ = {isa = PBXFileReference; lastKnownFileType = sourcecode.swift; path = VenueDetailView.swift; sourceTree = "<group>"; };
		2DECA0F1293D46DB0043BA67 /* VenuePhotoView.swift */ = {isa = PBXFileReference; lastKnownFileType = sourcecode.swift; path = VenuePhotoView.swift; sourceTree = "<group>"; };
		2DF2C67C29361049006D5C80 /* Venues.app */ = {isa = PBXFileReference; explicitFileType = wrapper.application; includeInIndex = 0; path = Venues.app; sourceTree = BUILT_PRODUCTS_DIR; };
		2DF2C67F29361049006D5C80 /* VenuesApp.swift */ = {isa = PBXFileReference; lastKnownFileType = sourcecode.swift; path = VenuesApp.swift; sourceTree = "<group>"; };
		2DF2C6832936104A006D5C80 /* Assets.xcassets */ = {isa = PBXFileReference; lastKnownFileType = folder.assetcatalog; path = Assets.xcassets; sourceTree = "<group>"; };
		2DF2C6862936104A006D5C80 /* Preview Assets.xcassets */ = {isa = PBXFileReference; lastKnownFileType = folder.assetcatalog; path = "Preview Assets.xcassets"; sourceTree = "<group>"; };
		2DF2C68C2936104A006D5C80 /* VenuesTests.xctest */ = {isa = PBXFileReference; explicitFileType = wrapper.cfbundle; includeInIndex = 0; path = VenuesTests.xctest; sourceTree = BUILT_PRODUCTS_DIR; };
		2DF2C6962936104A006D5C80 /* VenuesUITests.xctest */ = {isa = PBXFileReference; explicitFileType = wrapper.cfbundle; includeInIndex = 0; path = VenuesUITests.xctest; sourceTree = BUILT_PRODUCTS_DIR; };
		2DF2C69A2936104A006D5C80 /* VenuesUITests.swift */ = {isa = PBXFileReference; lastKnownFileType = sourcecode.swift; path = VenuesUITests.swift; sourceTree = "<group>"; };
		2DF2C69C2936104A006D5C80 /* VenuesUITestsLaunchTests.swift */ = {isa = PBXFileReference; lastKnownFileType = sourcecode.swift; path = VenuesUITestsLaunchTests.swift; sourceTree = "<group>"; };
/* End PBXFileReference section */

/* Begin PBXFrameworksBuildPhase section */
		2DF2C67929361049006D5C80 /* Frameworks */ = {
			isa = PBXFrameworksBuildPhase;
			buildActionMask = 2147483647;
			files = (
				2D2D5960293A2A6400C857E5 /* Alamofire in Frameworks */,
			);
			runOnlyForDeploymentPostprocessing = 0;
		};
		2DF2C6892936104A006D5C80 /* Frameworks */ = {
			isa = PBXFrameworksBuildPhase;
			buildActionMask = 2147483647;
			files = (
			);
			runOnlyForDeploymentPostprocessing = 0;
		};
		2DF2C6932936104A006D5C80 /* Frameworks */ = {
			isa = PBXFrameworksBuildPhase;
			buildActionMask = 2147483647;
			files = (
			);
			runOnlyForDeploymentPostprocessing = 0;
		};
/* End PBXFrameworksBuildPhase section */

/* Begin PBXGroup section */
		2D2D5946293A18BE00C857E5 /* Models */ = {
			isa = PBXGroup;
			children = (
				2D2D5947293A18C600C857E5 /* VenueLocation.swift */,
				2D2D5949293A1D6D00C857E5 /* VenueCategory.swift */,
				2D2D5951293A1F2D00C857E5 /* VenueIcon.swift */,
				2D2D594D293A1EB600C857E5 /* VenueChain.swift */,
				2D2D594F293A1F1A00C857E5 /* VenueGeocode.swift */,
				2D2D5953293A1F5C00C857E5 /* VenueCoordinate.swift */,
				2D2D594B293A1E3E00C857E5 /* Venue.swift */,
				2D2D596F293CD33900C857E5 /* VenuePhoto.swift */,
			);
			path = Models;
			sourceTree = "<group>";
		};
		2D2D5958293A22D200C857E5 /* Services */ = {
			isa = PBXGroup;
			children = (
				2D2D5959293A22EC00C857E5 /* VenuesService.swift */,
			);
			path = Services;
			sourceTree = "<group>";
		};
		2D2D5967293A9CE700C857E5 /* Views */ = {
			isa = PBXGroup;
			children = (
				2D2D5968293A9CF400C857E5 /* VenuesListView.swift */,
				2D2D596D293AA5CE00C857E5 /* VenueItemView.swift */,
				2DECA0ED293D3ADE0043BA67 /* VenueDetailView.swift */,
				2DECA0F1293D46DB0043BA67 /* VenuePhotoView.swift */,
			);
			path = Views;
			sourceTree = "<group>";
		};
		2D2D596A293A9D6200C857E5 /* View Models */ = {
			isa = PBXGroup;
			children = (
				2D2D596B293A9D7C00C857E5 /* VenuesListViewModel.swift */,
			);
			path = "View Models";
			sourceTree = "<group>";
		};
		2D2D5971293CEF9F00C857E5 /* Helpers */ = {
			isa = PBXGroup;
			children = (
				2D2D5972293CEFAC00C857E5 /* DistanceFormatter.swift */,
				2D2D5974293CF91700C857E5 /* LocationManager.swift */,
				2D2D5978293CFC1800C857E5 /* VenueCoordinate+CoreLocation.swift */,
				2D2D597A293CFDD900C857E5 /* CLLocationCoordinate2D+Utility.swift */,
			);
			path = Helpers;
			sourceTree = "<group>";
		};
		2DF2C67329361049006D5C80 = {
			isa = PBXGroup;
			children = (
				2DF2C67E29361049006D5C80 /* Venues */,
				2DF2C68F2936104A006D5C80 /* VenuesTests */,
				2DF2C6992936104A006D5C80 /* VenuesUITests */,
				2DF2C67D29361049006D5C80 /* Products */,
			);
			sourceTree = "<group>";
		};
		2DF2C67D29361049006D5C80 /* Products */ = {
			isa = PBXGroup;
			children = (
				2DF2C67C29361049006D5C80 /* Venues.app */,
				2DF2C68C2936104A006D5C80 /* VenuesTests.xctest */,
				2DF2C6962936104A006D5C80 /* VenuesUITests.xctest */,
			);
			name = Products;
			sourceTree = "<group>";
		};
		2DF2C67E29361049006D5C80 /* Venues */ = {
			isa = PBXGroup;
			children = (
				2DF2C67F29361049006D5C80 /* VenuesApp.swift */,
				2D2D5971293CEF9F00C857E5 /* Helpers */,
				2D2D596A293A9D6200C857E5 /* View Models */,
				2D2D5967293A9CE700C857E5 /* Views */,
				2D2D5958293A22D200C857E5 /* Services */,
				2D2D5946293A18BE00C857E5 /* Models */,
				2DF2C6832936104A006D5C80 /* Assets.xcassets */,
				2DF2C6852936104A006D5C80 /* Preview Content */,
			);
			path = Venues;
			sourceTree = "<group>";
		};
		2DF2C6852936104A006D5C80 /* Preview Content */ = {
			isa = PBXGroup;
			children = (
				2DF2C6862936104A006D5C80 /* Preview Assets.xcassets */,
			);
			path = "Preview Content";
			sourceTree = "<group>";
		};
		2DF2C68F2936104A006D5C80 /* VenuesTests */ = {
			isa = PBXGroup;
			children = (
				2D2D5962293A4F0700C857E5 /* VenuesServiceTests.swift */,
				2D2D5961293A4F0600C857E5 /* VenuesTests-Bridging-Header.h */,
			);
			path = VenuesTests;
			sourceTree = "<group>";
		};
		2DF2C6992936104A006D5C80 /* VenuesUITests */ = {
			isa = PBXGroup;
			children = (
				2DF2C69A2936104A006D5C80 /* VenuesUITests.swift */,
				2DF2C69C2936104A006D5C80 /* VenuesUITestsLaunchTests.swift */,
			);
			path = VenuesUITests;
			sourceTree = "<group>";
		};
/* End PBXGroup section */

/* Begin PBXNativeTarget section */
		2DF2C67B29361049006D5C80 /* Venues */ = {
			isa = PBXNativeTarget;
			buildConfigurationList = 2DF2C6A02936104A006D5C80 /* Build configuration list for PBXNativeTarget "Venues" */;
			buildPhases = (
				2DF2C67829361049006D5C80 /* Sources */,
				2DF2C67929361049006D5C80 /* Frameworks */,
				2DF2C67A29361049006D5C80 /* Resources */,
			);
			buildRules = (
			);
			dependencies = (
			);
			name = Venues;
			packageProductDependencies = (
				2D2D595F293A2A6400C857E5 /* Alamofire */,
			);
			productName = Venues;
			productReference = 2DF2C67C29361049006D5C80 /* Venues.app */;
			productType = "com.apple.product-type.application";
		};
		2DF2C68B2936104A006D5C80 /* VenuesTests */ = {
			isa = PBXNativeTarget;
			buildConfigurationList = 2DF2C6A32936104A006D5C80 /* Build configuration list for PBXNativeTarget "VenuesTests" */;
			buildPhases = (
				2DF2C6882936104A006D5C80 /* Sources */,
				2DF2C6892936104A006D5C80 /* Frameworks */,
				2DF2C68A2936104A006D5C80 /* Resources */,
			);
			buildRules = (
			);
			dependencies = (
				2DF2C68E2936104A006D5C80 /* PBXTargetDependency */,
			);
			name = VenuesTests;
			productName = VenuesTests;
			productReference = 2DF2C68C2936104A006D5C80 /* VenuesTests.xctest */;
			productType = "com.apple.product-type.bundle.unit-test";
		};
		2DF2C6952936104A006D5C80 /* VenuesUITests */ = {
			isa = PBXNativeTarget;
			buildConfigurationList = 2DF2C6A62936104A006D5C80 /* Build configuration list for PBXNativeTarget "VenuesUITests" */;
			buildPhases = (
				2DF2C6922936104A006D5C80 /* Sources */,
				2DF2C6932936104A006D5C80 /* Frameworks */,
				2DF2C6942936104A006D5C80 /* Resources */,
			);
			buildRules = (
			);
			dependencies = (
				2DF2C6982936104A006D5C80 /* PBXTargetDependency */,
			);
			name = VenuesUITests;
			productName = VenuesUITests;
			productReference = 2DF2C6962936104A006D5C80 /* VenuesUITests.xctest */;
			productType = "com.apple.product-type.bundle.ui-testing";
		};
/* End PBXNativeTarget section */

/* Begin PBXProject section */
		2DF2C67429361049006D5C80 /* Project object */ = {
			isa = PBXProject;
			attributes = {
				BuildIndependentTargetsInParallel = 1;
				LastSwiftUpdateCheck = 1410;
				LastUpgradeCheck = 1410;
				TargetAttributes = {
					2DF2C67B29361049006D5C80 = {
						CreatedOnToolsVersion = 14.1;
					};
					2DF2C68B2936104A006D5C80 = {
						CreatedOnToolsVersion = 14.1;
						LastSwiftMigration = 1410;
						TestTargetID = 2DF2C67B29361049006D5C80;
					};
					2DF2C6952936104A006D5C80 = {
						CreatedOnToolsVersion = 14.1;
						TestTargetID = 2DF2C67B29361049006D5C80;
					};
				};
			};
			buildConfigurationList = 2DF2C67729361049006D5C80 /* Build configuration list for PBXProject "Venues" */;
			compatibilityVersion = "Xcode 14.0";
			developmentRegion = en;
			hasScannedForEncodings = 0;
			knownRegions = (
				en,
				Base,
			);
			mainGroup = 2DF2C67329361049006D5C80;
			packageReferences = (
				2D2D595E293A2A6400C857E5 /* XCRemoteSwiftPackageReference "Alamofire" */,
			);
			productRefGroup = 2DF2C67D29361049006D5C80 /* Products */;
			projectDirPath = "";
			projectRoot = "";
			targets = (
				2DF2C67B29361049006D5C80 /* Venues */,
				2DF2C68B2936104A006D5C80 /* VenuesTests */,
				2DF2C6952936104A006D5C80 /* VenuesUITests */,
			);
		};
/* End PBXProject section */

/* Begin PBXResourcesBuildPhase section */
		2DF2C67A29361049006D5C80 /* Resources */ = {
			isa = PBXResourcesBuildPhase;
			buildActionMask = 2147483647;
			files = (
				2DF2C6872936104A006D5C80 /* Preview Assets.xcassets in Resources */,
				2DF2C6842936104A006D5C80 /* Assets.xcassets in Resources */,
			);
			runOnlyForDeploymentPostprocessing = 0;
		};
		2DF2C68A2936104A006D5C80 /* Resources */ = {
			isa = PBXResourcesBuildPhase;
			buildActionMask = 2147483647;
			files = (
			);
			runOnlyForDeploymentPostprocessing = 0;
		};
		2DF2C6942936104A006D5C80 /* Resources */ = {
			isa = PBXResourcesBuildPhase;
			buildActionMask = 2147483647;
			files = (
			);
			runOnlyForDeploymentPostprocessing = 0;
		};
/* End PBXResourcesBuildPhase section */

/* Begin PBXSourcesBuildPhase section */
		2DF2C67829361049006D5C80 /* Sources */ = {
			isa = PBXSourcesBuildPhase;
			buildActionMask = 2147483647;
			files = (
				2D2D5950293A1F1A00C857E5 /* VenueGeocode.swift in Sources */,
				2D2D5979293CFC1800C857E5 /* VenueCoordinate+CoreLocation.swift in Sources */,
				2DECA0F2293D46DB0043BA67 /* VenuePhotoView.swift in Sources */,
				2D2D595A293A22EC00C857E5 /* VenuesService.swift in Sources */,
				2DECA0EE293D3ADE0043BA67 /* VenueDetailView.swift in Sources */,
				2D2D5975293CF91700C857E5 /* LocationManager.swift in Sources */,
				2D2D5954293A1F5C00C857E5 /* VenueCoordinate.swift in Sources */,
				2D2D5970293CD33900C857E5 /* VenuePhoto.swift in Sources */,
				2D2D594E293A1EB600C857E5 /* VenueChain.swift in Sources */,
				2D2D5969293A9CF400C857E5 /* VenuesListView.swift in Sources */,
				2D2D596C293A9D7C00C857E5 /* VenuesListViewModel.swift in Sources */,
				2D2D594C293A1E3E00C857E5 /* Venue.swift in Sources */,
				2D2D5948293A18C600C857E5 /* VenueLocation.swift in Sources */,
				2DF2C68029361049006D5C80 /* VenuesApp.swift in Sources */,
				2D2D5952293A1F2D00C857E5 /* VenueIcon.swift in Sources */,
				2D2D5973293CEFAC00C857E5 /* DistanceFormatter.swift in Sources */,
				2D2D594A293A1D6D00C857E5 /* VenueCategory.swift in Sources */,
				2D2D597B293CFDD900C857E5 /* CLLocationCoordinate2D+Utility.swift in Sources */,
				2D2D596E293AA5CE00C857E5 /* VenueItemView.swift in Sources */,
			);
			runOnlyForDeploymentPostprocessing = 0;
		};
		2DF2C6882936104A006D5C80 /* Sources */ = {
			isa = PBXSourcesBuildPhase;
			buildActionMask = 2147483647;
			files = (
				2D2D5963293A4F0700C857E5 /* VenuesServiceTests.swift in Sources */,
			);
			runOnlyForDeploymentPostprocessing = 0;
		};
		2DF2C6922936104A006D5C80 /* Sources */ = {
			isa = PBXSourcesBuildPhase;
			buildActionMask = 2147483647;
			files = (
				2DF2C69D2936104A006D5C80 /* VenuesUITestsLaunchTests.swift in Sources */,
				2DF2C69B2936104A006D5C80 /* VenuesUITests.swift in Sources */,
			);
			runOnlyForDeploymentPostprocessing = 0;
		};
/* End PBXSourcesBuildPhase section */

/* Begin PBXTargetDependency section */
		2DF2C68E2936104A006D5C80 /* PBXTargetDependency */ = {
			isa = PBXTargetDependency;
			target = 2DF2C67B29361049006D5C80 /* Venues */;
			targetProxy = 2DF2C68D2936104A006D5C80 /* PBXContainerItemProxy */;
		};
		2DF2C6982936104A006D5C80 /* PBXTargetDependency */ = {
			isa = PBXTargetDependency;
			target = 2DF2C67B29361049006D5C80 /* Venues */;
			targetProxy = 2DF2C6972936104A006D5C80 /* PBXContainerItemProxy */;
		};
/* End PBXTargetDependency section */

/* Begin XCBuildConfiguration section */
		2DF2C69E2936104A006D5C80 /* Debug */ = {
			isa = XCBuildConfiguration;
			buildSettings = {
				ALWAYS_SEARCH_USER_PATHS = NO;
				CLANG_ANALYZER_NONNULL = YES;
				CLANG_ANALYZER_NUMBER_OBJECT_CONVERSION = YES_AGGRESSIVE;
				CLANG_CXX_LANGUAGE_STANDARD = "gnu++20";
				CLANG_ENABLE_MODULES = YES;
				CLANG_ENABLE_OBJC_ARC = YES;
				CLANG_ENABLE_OBJC_WEAK = YES;
				CLANG_WARN_BLOCK_CAPTURE_AUTORELEASING = YES;
				CLANG_WARN_BOOL_CONVERSION = YES;
				CLANG_WARN_COMMA = YES;
				CLANG_WARN_CONSTANT_CONVERSION = YES;
				CLANG_WARN_DEPRECATED_OBJC_IMPLEMENTATIONS = YES;
				CLANG_WARN_DIRECT_OBJC_ISA_USAGE = YES_ERROR;
				CLANG_WARN_DOCUMENTATION_COMMENTS = YES;
				CLANG_WARN_EMPTY_BODY = YES;
				CLANG_WARN_ENUM_CONVERSION = YES;
				CLANG_WARN_INFINITE_RECURSION = YES;
				CLANG_WARN_INT_CONVERSION = YES;
				CLANG_WARN_NON_LITERAL_NULL_CONVERSION = YES;
				CLANG_WARN_OBJC_IMPLICIT_RETAIN_SELF = YES;
				CLANG_WARN_OBJC_LITERAL_CONVERSION = YES;
				CLANG_WARN_OBJC_ROOT_CLASS = YES_ERROR;
				CLANG_WARN_QUOTED_INCLUDE_IN_FRAMEWORK_HEADER = YES;
				CLANG_WARN_RANGE_LOOP_ANALYSIS = YES;
				CLANG_WARN_STRICT_PROTOTYPES = YES;
				CLANG_WARN_SUSPICIOUS_MOVE = YES;
				CLANG_WARN_UNGUARDED_AVAILABILITY = YES_AGGRESSIVE;
				CLANG_WARN_UNREACHABLE_CODE = YES;
				CLANG_WARN__DUPLICATE_METHOD_MATCH = YES;
				COPY_PHASE_STRIP = NO;
				DEBUG_INFORMATION_FORMAT = dwarf;
				ENABLE_STRICT_OBJC_MSGSEND = YES;
				ENABLE_TESTABILITY = YES;
				GCC_C_LANGUAGE_STANDARD = gnu11;
				GCC_DYNAMIC_NO_PIC = NO;
				GCC_NO_COMMON_BLOCKS = YES;
				GCC_OPTIMIZATION_LEVEL = 0;
				GCC_PREPROCESSOR_DEFINITIONS = (
					"DEBUG=1",
					"$(inherited)",
				);
				GCC_WARN_64_TO_32_BIT_CONVERSION = YES;
				GCC_WARN_ABOUT_RETURN_TYPE = YES_ERROR;
				GCC_WARN_UNDECLARED_SELECTOR = YES;
				GCC_WARN_UNINITIALIZED_AUTOS = YES_AGGRESSIVE;
				GCC_WARN_UNUSED_FUNCTION = YES;
				GCC_WARN_UNUSED_VARIABLE = YES;
				IPHONEOS_DEPLOYMENT_TARGET = 16.1;
				MTL_ENABLE_DEBUG_INFO = INCLUDE_SOURCE;
				MTL_FAST_MATH = YES;
				ONLY_ACTIVE_ARCH = YES;
				SDKROOT = iphoneos;
				SWIFT_ACTIVE_COMPILATION_CONDITIONS = DEBUG;
				SWIFT_OPTIMIZATION_LEVEL = "-Onone";
			};
			name = Debug;
		};
		2DF2C69F2936104A006D5C80 /* Release */ = {
			isa = XCBuildConfiguration;
			buildSettings = {
				ALWAYS_SEARCH_USER_PATHS = NO;
				CLANG_ANALYZER_NONNULL = YES;
				CLANG_ANALYZER_NUMBER_OBJECT_CONVERSION = YES_AGGRESSIVE;
				CLANG_CXX_LANGUAGE_STANDARD = "gnu++20";
				CLANG_ENABLE_MODULES = YES;
				CLANG_ENABLE_OBJC_ARC = YES;
				CLANG_ENABLE_OBJC_WEAK = YES;
				CLANG_WARN_BLOCK_CAPTURE_AUTORELEASING = YES;
				CLANG_WARN_BOOL_CONVERSION = YES;
				CLANG_WARN_COMMA = YES;
				CLANG_WARN_CONSTANT_CONVERSION = YES;
				CLANG_WARN_DEPRECATED_OBJC_IMPLEMENTATIONS = YES;
				CLANG_WARN_DIRECT_OBJC_ISA_USAGE = YES_ERROR;
				CLANG_WARN_DOCUMENTATION_COMMENTS = YES;
				CLANG_WARN_EMPTY_BODY = YES;
				CLANG_WARN_ENUM_CONVERSION = YES;
				CLANG_WARN_INFINITE_RECURSION = YES;
				CLANG_WARN_INT_CONVERSION = YES;
				CLANG_WARN_NON_LITERAL_NULL_CONVERSION = YES;
				CLANG_WARN_OBJC_IMPLICIT_RETAIN_SELF = YES;
				CLANG_WARN_OBJC_LITERAL_CONVERSION = YES;
				CLANG_WARN_OBJC_ROOT_CLASS = YES_ERROR;
				CLANG_WARN_QUOTED_INCLUDE_IN_FRAMEWORK_HEADER = YES;
				CLANG_WARN_RANGE_LOOP_ANALYSIS = YES;
				CLANG_WARN_STRICT_PROTOTYPES = YES;
				CLANG_WARN_SUSPICIOUS_MOVE = YES;
				CLANG_WARN_UNGUARDED_AVAILABILITY = YES_AGGRESSIVE;
				CLANG_WARN_UNREACHABLE_CODE = YES;
				CLANG_WARN__DUPLICATE_METHOD_MATCH = YES;
				COPY_PHASE_STRIP = NO;
				DEBUG_INFORMATION_FORMAT = "dwarf-with-dsym";
				ENABLE_NS_ASSERTIONS = NO;
				ENABLE_STRICT_OBJC_MSGSEND = YES;
				GCC_C_LANGUAGE_STANDARD = gnu11;
				GCC_NO_COMMON_BLOCKS = YES;
				GCC_WARN_64_TO_32_BIT_CONVERSION = YES;
				GCC_WARN_ABOUT_RETURN_TYPE = YES_ERROR;
				GCC_WARN_UNDECLARED_SELECTOR = YES;
				GCC_WARN_UNINITIALIZED_AUTOS = YES_AGGRESSIVE;
				GCC_WARN_UNUSED_FUNCTION = YES;
				GCC_WARN_UNUSED_VARIABLE = YES;
				IPHONEOS_DEPLOYMENT_TARGET = 16.1;
				MTL_ENABLE_DEBUG_INFO = NO;
				MTL_FAST_MATH = YES;
				SDKROOT = iphoneos;
				SWIFT_COMPILATION_MODE = wholemodule;
				SWIFT_OPTIMIZATION_LEVEL = "-O";
				VALIDATE_PRODUCT = YES;
			};
			name = Release;
		};
		2DF2C6A12936104A006D5C80 /* Debug */ = {
			isa = XCBuildConfiguration;
			buildSettings = {
				ASSETCATALOG_COMPILER_APPICON_NAME = AppIcon;
				ASSETCATALOG_COMPILER_GLOBAL_ACCENT_COLOR_NAME = AccentColor;
				CODE_SIGN_STYLE = Automatic;
				CURRENT_PROJECT_VERSION = 1;
				DEVELOPMENT_ASSET_PATHS = "\"Venues/Preview Content\"";
				DEVELOPMENT_TEAM = 5Z29Z3ZJEP;
				ENABLE_PREVIEWS = YES;
				GENERATE_INFOPLIST_FILE = YES;
				INFOPLIST_KEY_NSLocationWhenInUseUsageDescription = "to query venues near your location.";
				INFOPLIST_KEY_UIApplicationSceneManifest_Generation = YES;
				INFOPLIST_KEY_UIApplicationSupportsIndirectInputEvents = YES;
				INFOPLIST_KEY_UILaunchScreen_Generation = YES;
				INFOPLIST_KEY_UISupportedInterfaceOrientations_iPad = "UIInterfaceOrientationPortrait UIInterfaceOrientationPortraitUpsideDown UIInterfaceOrientationLandscapeLeft UIInterfaceOrientationLandscapeRight";
				INFOPLIST_KEY_UISupportedInterfaceOrientations_iPhone = "UIInterfaceOrientationPortrait UIInterfaceOrientationLandscapeLeft UIInterfaceOrientationLandscapeRight";
				LD_RUNPATH_SEARCH_PATHS = (
					"$(inherited)",
					"@executable_path/Frameworks",
				);
				MARKETING_VERSION = 1.0;
				PRODUCT_BUNDLE_IDENTIFIER = com.ramy.alzuhouri.Venues;
				PRODUCT_NAME = "$(TARGET_NAME)";
				SWIFT_EMIT_LOC_STRINGS = YES;
				SWIFT_VERSION = 5.0;
				TARGETED_DEVICE_FAMILY = "1,2";
			};
			name = Debug;
		};
		2DF2C6A22936104A006D5C80 /* Release */ = {
			isa = XCBuildConfiguration;
			buildSettings = {
				ASSETCATALOG_COMPILER_APPICON_NAME = AppIcon;
				ASSETCATALOG_COMPILER_GLOBAL_ACCENT_COLOR_NAME = AccentColor;
				CODE_SIGN_STYLE = Automatic;
				CURRENT_PROJECT_VERSION = 1;
				DEVELOPMENT_ASSET_PATHS = "\"Venues/Preview Content\"";
				DEVELOPMENT_TEAM = 5Z29Z3ZJEP;
				ENABLE_PREVIEWS = YES;
				GENERATE_INFOPLIST_FILE = YES;
				INFOPLIST_KEY_NSLocationWhenInUseUsageDescription = "to query venues near your location.";
				INFOPLIST_KEY_UIApplicationSceneManifest_Generation = YES;
				INFOPLIST_KEY_UIApplicationSupportsIndirectInputEvents = YES;
				INFOPLIST_KEY_UILaunchScreen_Generation = YES;
				INFOPLIST_KEY_UISupportedInterfaceOrientations_iPad = "UIInterfaceOrientationPortrait UIInterfaceOrientationPortraitUpsideDown UIInterfaceOrientationLandscapeLeft UIInterfaceOrientationLandscapeRight";
				INFOPLIST_KEY_UISupportedInterfaceOrientations_iPhone = "UIInterfaceOrientationPortrait UIInterfaceOrientationLandscapeLeft UIInterfaceOrientationLandscapeRight";
				LD_RUNPATH_SEARCH_PATHS = (
					"$(inherited)",
					"@executable_path/Frameworks",
				);
				MARKETING_VERSION = 1.0;
				PRODUCT_BUNDLE_IDENTIFIER = com.ramy.alzuhouri.Venues;
				PRODUCT_NAME = "$(TARGET_NAME)";
				SWIFT_EMIT_LOC_STRINGS = YES;
				SWIFT_VERSION = 5.0;
				TARGETED_DEVICE_FAMILY = "1,2";
			};
			name = Release;
		};
		2DF2C6A42936104A006D5C80 /* Debug */ = {
			isa = XCBuildConfiguration;
			buildSettings = {
				ALWAYS_EMBED_SWIFT_STANDARD_LIBRARIES = YES;
				BUNDLE_LOADER = "$(TEST_HOST)";
				CLANG_ENABLE_MODULES = YES;
				CODE_SIGN_STYLE = Automatic;
				CURRENT_PROJECT_VERSION = 1;
				DEVELOPMENT_TEAM = 5Z29Z3ZJEP;
				GENERATE_INFOPLIST_FILE = YES;
				IPHONEOS_DEPLOYMENT_TARGET = 16.1;
				LD_RUNPATH_SEARCH_PATHS = (
					"$(inherited)",
					"@executable_path/Frameworks",
					"@loader_path/Frameworks",
				);
				MARKETING_VERSION = 1.0;
				PRODUCT_BUNDLE_IDENTIFIER = com.ramy.alzuhouri.VenuesTests;
				PRODUCT_NAME = "$(TARGET_NAME)";
				SWIFT_EMIT_LOC_STRINGS = NO;
				SWIFT_OBJC_BRIDGING_HEADER = "VenuesTests/VenuesTests-Bridging-Header.h";
				SWIFT_OPTIMIZATION_LEVEL = "-Onone";
				SWIFT_VERSION = 5.0;
				TARGETED_DEVICE_FAMILY = "1,2";
				TEST_HOST = "$(BUILT_PRODUCTS_DIR)/Venues.app/$(BUNDLE_EXECUTABLE_FOLDER_PATH)/Venues";
			};
			name = Debug;
		};
		2DF2C6A52936104A006D5C80 /* Release */ = {
			isa = XCBuildConfiguration;
			buildSettings = {
				ALWAYS_EMBED_SWIFT_STANDARD_LIBRARIES = YES;
				BUNDLE_LOADER = "$(TEST_HOST)";
				CLANG_ENABLE_MODULES = YES;
				CODE_SIGN_STYLE = Automatic;
				CURRENT_PROJECT_VERSION = 1;
				DEVELOPMENT_TEAM = 5Z29Z3ZJEP;
				GENERATE_INFOPLIST_FILE = YES;
				IPHONEOS_DEPLOYMENT_TARGET = 16.1;
				LD_RUNPATH_SEARCH_PATHS = (
					"$(inherited)",
					"@executable_path/Frameworks",
					"@loader_path/Frameworks",
				);
				MARKETING_VERSION = 1.0;
				PRODUCT_BUNDLE_IDENTIFIER = com.ramy.alzuhouri.VenuesTests;
				PRODUCT_NAME = "$(TARGET_NAME)";
				SWIFT_EMIT_LOC_STRINGS = NO;
				SWIFT_OBJC_BRIDGING_HEADER = "VenuesTests/VenuesTests-Bridging-Header.h";
				SWIFT_VERSION = 5.0;
				TARGETED_DEVICE_FAMILY = "1,2";
				TEST_HOST = "$(BUILT_PRODUCTS_DIR)/Venues.app/$(BUNDLE_EXECUTABLE_FOLDER_PATH)/Venues";
			};
			name = Release;
		};
		2DF2C6A72936104A006D5C80 /* Debug */ = {
			isa = XCBuildConfiguration;
			buildSettings = {
				ALWAYS_EMBED_SWIFT_STANDARD_LIBRARIES = YES;
				CODE_SIGN_STYLE = Automatic;
				CURRENT_PROJECT_VERSION = 1;
				DEVELOPMENT_TEAM = 5Z29Z3ZJEP;
				GENERATE_INFOPLIST_FILE = YES;
				MARKETING_VERSION = 1.0;
				PRODUCT_BUNDLE_IDENTIFIER = com.ramy.alzuhouri.VenuesUITests;
				PRODUCT_NAME = "$(TARGET_NAME)";
				SWIFT_EMIT_LOC_STRINGS = NO;
				SWIFT_VERSION = 5.0;
				TARGETED_DEVICE_FAMILY = "1,2";
				TEST_TARGET_NAME = Venues;
			};
			name = Debug;
		};
		2DF2C6A82936104A006D5C80 /* Release */ = {
			isa = XCBuildConfiguration;
			buildSettings = {
				ALWAYS_EMBED_SWIFT_STANDARD_LIBRARIES = YES;
				CODE_SIGN_STYLE = Automatic;
				CURRENT_PROJECT_VERSION = 1;
				DEVELOPMENT_TEAM = 5Z29Z3ZJEP;
				GENERATE_INFOPLIST_FILE = YES;
				MARKETING_VERSION = 1.0;
				PRODUCT_BUNDLE_IDENTIFIER = com.ramy.alzuhouri.VenuesUITests;
				PRODUCT_NAME = "$(TARGET_NAME)";
				SWIFT_EMIT_LOC_STRINGS = NO;
				SWIFT_VERSION = 5.0;
				TARGETED_DEVICE_FAMILY = "1,2";
				TEST_TARGET_NAME = Venues;
			};
			name = Release;
		};
/* End XCBuildConfiguration section */

/* Begin XCConfigurationList section */
		2DF2C67729361049006D5C80 /* Build configuration list for PBXProject "Venues" */ = {
			isa = XCConfigurationList;
			buildConfigurations = (
				2DF2C69E2936104A006D5C80 /* Debug */,
				2DF2C69F2936104A006D5C80 /* Release */,
			);
			defaultConfigurationIsVisible = 0;
			defaultConfigurationName = Release;
		};
		2DF2C6A02936104A006D5C80 /* Build configuration list for PBXNativeTarget "Venues" */ = {
			isa = XCConfigurationList;
			buildConfigurations = (
				2DF2C6A12936104A006D5C80 /* Debug */,
				2DF2C6A22936104A006D5C80 /* Release */,
			);
			defaultConfigurationIsVisible = 0;
			defaultConfigurationName = Release;
		};
		2DF2C6A32936104A006D5C80 /* Build configuration list for PBXNativeTarget "VenuesTests" */ = {
			isa = XCConfigurationList;
			buildConfigurations = (
				2DF2C6A42936104A006D5C80 /* Debug */,
				2DF2C6A52936104A006D5C80 /* Release */,
			);
			defaultConfigurationIsVisible = 0;
			defaultConfigurationName = Release;
		};
		2DF2C6A62936104A006D5C80 /* Build configuration list for PBXNativeTarget "VenuesUITests" */ = {
			isa = XCConfigurationList;
			buildConfigurations = (
				2DF2C6A72936104A006D5C80 /* Debug */,
				2DF2C6A82936104A006D5C80 /* Release */,
			);
			defaultConfigurationIsVisible = 0;
			defaultConfigurationName = Release;
		};
/* End XCConfigurationList section */

/* Begin XCRemoteSwiftPackageReference section */
		2D2D595E293A2A6400C857E5 /* XCRemoteSwiftPackageReference "Alamofire" */ = {
			isa = XCRemoteSwiftPackageReference;
			repositoryURL = "https://github.com/Alamofire/Alamofire.git";
			requirement = {
				kind = upToNextMajorVersion;
				minimumVersion = 5.0.0;
			};
		};
/* End XCRemoteSwiftPackageReference section */

/* Begin XCSwiftPackageProductDependency section */
		2D2D595F293A2A6400C857E5 /* Alamofire */ = {
			isa = XCSwiftPackageProductDependency;
			package = 2D2D595E293A2A6400C857E5 /* XCRemoteSwiftPackageReference "Alamofire" */;
			productName = Alamofire;
		};
/* End XCSwiftPackageProductDependency section */
	};
	rootObject = 2DF2C67429361049006D5C80 /* Project object */;
}
